
Microsoft Visual Studio Solution File, Format Version 12.00
# Visual Studio 15
VisualStudioVersion = 15.0.28010.2046
MinimumVisualStudioVersion = 10.0.40219.1
Project("{8BC9CEB8-8B4A-11D0-8D11-00A0C91BC942}") = "CfuVirtualHid", "sys\CfuVirtualHid.vcxproj", "{B548F62A-E946-4F72-A6D7-6CE9C0751D3A}"
	ProjectSection(ProjectDependencies) = postProject
		{A603433B-6AE6-419D-AD1A-103809B82745} = {A603433B-6AE6-419D-AD1A-103809B82745}
		{E4BB47E7-F800-46C7-9837-9C3E5D0F456B} = {E4BB47E7-F800-46C7-9837-9C3E5D0F456B}
		{241252E8-4ADE-42E5-B34B-AEFD33B9698E} = {241252E8-4ADE-42E5-B34B-AEFD33B9698E}
		{7CD49BFE-26BB-423E-8093-980F28A34389} = {7CD49BFE-26BB-423E-8093-980F28A34389}
	EndProjectSection
EndProject
Project("{8BC9CEB8-8B4A-11D0-8D11-00A0C91BC942}") = "CfuVirtualHidPackage", "pkg\CfuVirtualHidPackage.vcxproj", "{3066781D-FF00-41D9-8D58-3C3A9AB4F8A2}"
EndProject
Project("{8BC9CEB8-8B4A-11D0-8D11-00A0C91BC942}") = "DmfKFramework", "..\DMF\Dmf\Solution\DmfKFramework\DmfKFramework.vcxproj", "{A603433B-6AE6-419D-AD1A-103809B82745}"
EndProject
Project("{8BC9CEB8-8B4A-11D0-8D11-00A0C91BC942}") = "DmfK", "..\DMF\Dmf\Solution\DmfK\DmfK.vcxproj", "{241252E8-4ADE-42E5-B34B-AEFD33B9698E}"
EndProject
Project("{8BC9CEB8-8B4A-11D0-8D11-00A0C91BC942}") = "DmfKModules.Library", "..\DMF\Dmf\Solution\DmfKModules.Library\DmfKModules.Library.vcxproj", "{7CD49BFE-26BB-423E-8093-980F28A34389}"
EndProject
Project("{8BC9CEB8-8B4A-11D0-8D11-00A0C91BC942}") = "DmfKModules.Library.Tests", "..\DMF\Dmf\Solution\DmfKModules.Library.Tests\DmfKModules.Library.Tests.vcxproj", "{E4BB47E7-F800-46C7-9837-9C3E5D0F456B}"
EndProject
Global
	GlobalSection(SolutionConfigurationPlatforms) = preSolution
		Debug|ARM64 = Debug|ARM64
		Debug|Win32 = Debug|Win32
		Debug|x64 = Debug|x64
		Release|ARM64 = Release|ARM64
		Release|Win32 = Release|Win32
		Release|x64 = Release|x64
	EndGlobalSection
	GlobalSection(ProjectConfigurationPlatforms) = postSolution
		{B548F62A-E946-4F72-A6D7-6CE9C0751D3A}.Debug|ARM64.ActiveCfg = Debug|ARM64
		{B548F62A-E946-4F72-A6D7-6CE9C0751D3A}.Debug|ARM64.Build.0 = Debug|ARM64
		{B548F62A-E946-4F72-A6D7-6CE9C0751D3A}.Debug|ARM64.Deploy.0 = Debug|ARM64
		{B548F62A-E946-4F72-A6D7-6CE9C0751D3A}.Debug|Win32.ActiveCfg = Debug|Win32
		{B548F62A-E946-4F72-A6D7-6CE9C0751D3A}.Debug|Win32.Build.0 = Debug|Win32
		{B548F62A-E946-4F72-A6D7-6CE9C0751D3A}.Debug|Win32.Deploy.0 = Debug|Win32
		{B548F62A-E946-4F72-A6D7-6CE9C0751D3A}.Debug|x64.ActiveCfg = Debug|x64
		{B548F62A-E946-4F72-A6D7-6CE9C0751D3A}.Debug|x64.Build.0 = Debug|x64
		{B548F62A-E946-4F72-A6D7-6CE9C0751D3A}.Debug|x64.Deploy.0 = Debug|x64
		{B548F62A-E946-4F72-A6D7-6CE9C0751D3A}.Release|ARM64.ActiveCfg = Release|ARM64
		{B548F62A-E946-4F72-A6D7-6CE9C0751D3A}.Release|ARM64.Build.0 = Release|ARM64
		{B548F62A-E946-4F72-A6D7-6CE9C0751D3A}.Release|ARM64.Deploy.0 = Release|ARM64
		{B548F62A-E946-4F72-A6D7-6CE9C0751D3A}.Release|Win32.ActiveCfg = Release|Win32
		{B548F62A-E946-4F72-A6D7-6CE9C0751D3A}.Release|Win32.Build.0 = Release|Win32
		{B548F62A-E946-4F72-A6D7-6CE9C0751D3A}.Release|Win32.Deploy.0 = Release|Win32
		{B548F62A-E946-4F72-A6D7-6CE9C0751D3A}.Release|x64.ActiveCfg = Release|x64
		{B548F62A-E946-4F72-A6D7-6CE9C0751D3A}.Release|x64.Build.0 = Release|x64
		{B548F62A-E946-4F72-A6D7-6CE9C0751D3A}.Release|x64.Deploy.0 = Release|x64
		{3066781D-FF00-41D9-8D58-3C3A9AB4F8A2}.Debug|ARM64.ActiveCfg = Debug|ARM64
		{3066781D-FF00-41D9-8D58-3C3A9AB4F8A2}.Debug|ARM64.Build.0 = Debug|ARM64
		{3066781D-FF00-41D9-8D58-3C3A9AB4F8A2}.Debug|ARM64.Deploy.0 = Debug|ARM64
		{3066781D-FF00-41D9-8D58-3C3A9AB4F8A2}.Debug|Win32.ActiveCfg = Debug|Win32
		{3066781D-FF00-41D9-8D58-3C3A9AB4F8A2}.Debug|Win32.Build.0 = Debug|Win32
		{3066781D-FF00-41D9-8D58-3C3A9AB4F8A2}.Debug|Win32.Deploy.0 = Debug|Win32
		{3066781D-FF00-41D9-8D58-3C3A9AB4F8A2}.Debug|x64.ActiveCfg = Debug|x64
		{3066781D-FF00-41D9-8D58-3C3A9AB4F8A2}.Debug|x64.Build.0 = Debug|x64
		{3066781D-FF00-41D9-8D58-3C3A9AB4F8A2}.Debug|x64.Deploy.0 = Debug|x64
		{3066781D-FF00-41D9-8D58-3C3A9AB4F8A2}.Release|ARM64.ActiveCfg = Release|ARM64
		{3066781D-FF00-41D9-8D58-3C3A9AB4F8A2}.Release|ARM64.Build.0 = Release|ARM64
		{3066781D-FF00-41D9-8D58-3C3A9AB4F8A2}.Release|ARM64.Deploy.0 = Release|ARM64
		{3066781D-FF00-41D9-8D58-3C3A9AB4F8A2}.Release|Win32.ActiveCfg = Release|Win32
		{3066781D-FF00-41D9-8D58-3C3A9AB4F8A2}.Release|Win32.Build.0 = Release|Win32
		{3066781D-FF00-41D9-8D58-3C3A9AB4F8A2}.Release|Win32.Deploy.0 = Release|Win32
		{3066781D-FF00-41D9-8D58-3C3A9AB4F8A2}.Release|x64.ActiveCfg = Release|x64
		{3066781D-FF00-41D9-8D58-3C3A9AB4F8A2}.Release|x64.Build.0 = Release|x64
		{3066781D-FF00-41D9-8D58-3C3A9AB4F8A2}.Release|x64.Deploy.0 = Release|x64
		{A603433B-6AE6-419D-AD1A-103809B82745}.Debug|ARM64.ActiveCfg = Debug|ARM64
		{A603433B-6AE6-419D-AD1A-103809B82745}.Debug|ARM64.Build.0 = Debug|ARM64
		{A603433B-6AE6-419D-AD1A-103809B82745}.Debug|Win32.ActiveCfg = Debug|Win32
		{A603433B-6AE6-419D-AD1A-103809B82745}.Debug|Win32.Build.0 = Debug|Win32
		{A603433B-6AE6-419D-AD1A-103809B82745}.Debug|x64.ActiveCfg = Debug|x64
		{A603433B-6AE6-419D-AD1A-103809B82745}.Debug|x64.Build.0 = Debug|x64
		{A603433B-6AE6-419D-AD1A-103809B82745}.Release|ARM64.ActiveCfg = Release|ARM64
		{A603433B-6AE6-419D-AD1A-103809B82745}.Release|ARM64.Build.0 = Release|ARM64
		{A603433B-6AE6-419D-AD1A-103809B82745}.Release|Win32.ActiveCfg = Release|Win32
		{A603433B-6AE6-419D-AD1A-103809B82745}.Release|Win32.Build.0 = Release|Win32
		{A603433B-6AE6-419D-AD1A-103809B82745}.Release|x64.ActiveCfg = Release|x64
		{A603433B-6AE6-419D-AD1A-103809B82745}.Release|x64.Build.0 = Release|x64
		{241252E8-4ADE-42E5-B34B-AEFD33B9698E}.Debug|ARM64.ActiveCfg = Debug|ARM64
		{241252E8-4ADE-42E5-B34B-AEFD33B9698E}.Debug|ARM64.Build.0 = Debug|ARM64
		{241252E8-4ADE-42E5-B34B-AEFD33B9698E}.Debug|Win32.ActiveCfg = Debug|Win32
		{241252E8-4ADE-42E5-B34B-AEFD33B9698E}.Debug|Win32.Build.0 = Debug|Win32
		{241252E8-4ADE-42E5-B34B-AEFD33B9698E}.Debug|x64.ActiveCfg = Debug|x64
		{241252E8-4ADE-42E5-B34B-AEFD33B9698E}.Debug|x64.Build.0 = Debug|x64
		{241252E8-4ADE-42E5-B34B-AEFD33B9698E}.Release|ARM64.ActiveCfg = Release|ARM64
		{241252E8-4ADE-42E5-B34B-AEFD33B9698E}.Release|ARM64.Build.0 = Release|ARM64
		{241252E8-4ADE-42E5-B34B-AEFD33B9698E}.Release|Win32.ActiveCfg = Release|Win32
		{241252E8-4ADE-42E5-B34B-AEFD33B9698E}.Release|Win32.Build.0 = Release|Win32
		{241252E8-4ADE-42E5-B34B-AEFD33B9698E}.Release|x64.ActiveCfg = Release|x64
		{241252E8-4ADE-42E5-B34B-AEFD33B9698E}.Release|x64.Build.0 = Release|x64
		{7CD49BFE-26BB-423E-8093-980F28A34389}.Debug|ARM64.ActiveCfg = Debug|ARM64
		{7CD49BFE-26BB-423E-8093-980F28A34389}.Debug|ARM64.Build.0 = Debug|ARM64
		{7CD49BFE-26BB-423E-8093-980F28A34389}.Debug|Win32.ActiveCfg = Debug|Win32
		{7CD49BFE-26BB-423E-8093-980F28A34389}.Debug|Win32.Build.0 = Debug|Win32
		{7CD49BFE-26BB-423E-8093-980F28A34389}.Debug|x64.ActiveCfg = Debug|x64
		{7CD49BFE-26BB-423E-8093-980F28A34389}.Debug|x64.Build.0 = Debug|x64
		{7CD49BFE-26BB-423E-8093-980F28A34389}.Release|ARM64.ActiveCfg = Release|ARM64
		{7CD49BFE-26BB-423E-8093-980F28A34389}.Release|ARM64.Build.0 = Release|ARM64
		{7CD49BFE-26BB-423E-8093-980F28A34389}.Release|Win32.ActiveCfg = Release|Win32
		{7CD49BFE-26BB-423E-8093-980F28A34389}.Release|Win32.Build.0 = Release|Win32
		{7CD49BFE-26BB-423E-8093-980F28A34389}.Release|x64.ActiveCfg = Release|x64
		{7CD49BFE-26BB-423E-8093-980F28A34389}.Release|x64.Build.0 = Release|x64
		{E4BB47E7-F800-46C7-9837-9C3E5D0F456B}.Debug|ARM64.ActiveCfg = Debug|ARM64
		{E4BB47E7-F800-46C7-9837-9C3E5D0F456B}.Debug|ARM64.Build.0 = Debug|ARM64
		{E4BB47E7-F800-46C7-9837-9C3E5D0F456B}.Debug|Win32.ActiveCfg = Debug|Win32
		{E4BB47E7-F800-46C7-9837-9C3E5D0F456B}.Debug|Win32.Build.0 = Debug|Win32
		{E4BB47E7-F800-46C7-9837-9C3E5D0F456B}.Debug|x64.ActiveCfg = Debug|x64
		{E4BB47E7-F800-46C7-9837-9C3E5D0F456B}.Debug|x64.Build.0 = Debug|x64
		{E4BB47E7-F800-46C7-9837-9C3E5D0F456B}.Release|ARM64.ActiveCfg = Release|ARM64
		{E4BB47E7-F800-46C7-9837-9C3E5D0F456B}.Release|ARM64.Build.0 = Release|ARM64
		{E4BB47E7-F800-46C7-9837-9C3E5D0F456B}.Release|Win32.ActiveCfg = Release|Win32
		{E4BB47E7-F800-46C7-9837-9C3E5D0F456B}.Release|Win32.Build.0 = Release|Win32
		{E4BB47E7-F800-46C7-9837-9C3E5D0F456B}.Release|x64.ActiveCfg = Release|x64
		{E4BB47E7-F800-46C7-9837-9C3E5D0F456B}.Release|x64.Build.0 = Release|x64
	EndGlobalSection
	GlobalSection(SolutionProperties) = preSolution
		HideSolutionNode = FALSE
	EndGlobalSection
	GlobalSection(ExtensibilityGlobals) = postSolution
		SolutionGuid = {D7099919-68F5-4A22-A25C-009741807EE4}
	EndGlobalSection
EndGlobal
